// !$*UTF8*$!
{
	archiveVersion = 1;
	classes = {
	};
	objectVersion = 53;
	objects = {

/* Begin PBXBuildFile section */
		2317FE9425569FDA00E049B8 /* Transaction.swift in Sources */ = {isa = PBXBuildFile; fileRef = 2317FE9325569FDA00E049B8 /* Transaction.swift */; };
		2317FE982556A03500E049B8 /* Category.swift in Sources */ = {isa = PBXBuildFile; fileRef = 2317FE972556A03500E049B8 /* Category.swift */; };
		2317FE9B2556A04A00E049B8 /* Month.swift in Sources */ = {isa = PBXBuildFile; fileRef = 2317FE9A2556A04A00E049B8 /* Month.swift */; };
		2317FEA02556A19F00E049B8 /* MonthSpendAmount.swift in Sources */ = {isa = PBXBuildFile; fileRef = 2317FE9F2556A19F00E049B8 /* MonthSpendAmount.swift */; };
		2317FEA92556A8CD00E049B8 /* SpendingService.swift in Sources */ = {isa = PBXBuildFile; fileRef = 2317FEA82556A8CD00E049B8 /* SpendingService.swift */; };
		2317FEC02556B6B900E049B8 /* ProgressView.swift in Sources */ = {isa = PBXBuildFile; fileRef = 2317FEBF2556B6B900E049B8 /* ProgressView.swift */; };
		2317FEC62556B6F100E049B8 /* UIColor+Hex.swift in Sources */ = {isa = PBXBuildFile; fileRef = 2317FEC52556B6F100E049B8 /* UIColor+Hex.swift */; };
		2317FED12556BDD800E049B8 /* ImageViewWithProgress.swift in Sources */ = {isa = PBXBuildFile; fileRef = 2317FED02556BDD800E049B8 /* ImageViewWithProgress.swift */; };
		2317FED92556C17700E049B8 /* HeaderView.swift in Sources */ = {isa = PBXBuildFile; fileRef = 2317FED82556C17700E049B8 /* HeaderView.swift */; };
		2317FEDD2556C29100E049B8 /* RatingView.swift in Sources */ = {isa = PBXBuildFile; fileRef = 2317FEDC2556C29100E049B8 /* RatingView.swift */; };
		2317FEE32556C6FE00E049B8 /* BalanceView.swift in Sources */ = {isa = PBXBuildFile; fileRef = 2317FEE22556C6FE00E049B8 /* BalanceView.swift */; };
		2317FEE72556C9D900E049B8 /* ShowSpendsInAR.swift in Sources */ = {isa = PBXBuildFile; fileRef = 2317FEE62556C9D900E049B8 /* ShowSpendsInAR.swift */; };
		234A7CB22555514000620B81 /* AppDelegate.swift in Sources */ = {isa = PBXBuildFile; fileRef = 234A7CB12555514000620B81 /* AppDelegate.swift */; };
		234A7CBB2555514100620B81 /* Assets.xcassets in Resources */ = {isa = PBXBuildFile; fileRef = 234A7CBA2555514100620B81 /* Assets.xcassets */; };
		234A7CBE2555514100620B81 /* LaunchScreen.storyboard in Resources */ = {isa = PBXBuildFile; fileRef = 234A7CBC2555514100620B81 /* LaunchScreen.storyboard */; };
		23B538682556CDC0008DF7D7 /* CollectionViewContainer.swift in Sources */ = {isa = PBXBuildFile; fileRef = 23B538672556CDC0008DF7D7 /* CollectionViewContainer.swift */; };
		23B5386D2556CDE0008DF7D7 /* CollectionViewDataSource.swift in Sources */ = {isa = PBXBuildFile; fileRef = 23B5386C2556CDE0008DF7D7 /* CollectionViewDataSource.swift */; };
		23B538702556CE2D008DF7D7 /* ReusableView.swift in Sources */ = {isa = PBXBuildFile; fileRef = 23B5386F2556CE2D008DF7D7 /* ReusableView.swift */; };
		23B538742556CF1C008DF7D7 /* UICollectionView+Reusable.swift in Sources */ = {isa = PBXBuildFile; fileRef = 23B538732556CF1C008DF7D7 /* UICollectionView+Reusable.swift */; };
		23B5387F2556DAB9008DF7D7 /* CollectionViewController.swift in Sources */ = {isa = PBXBuildFile; fileRef = 23B5387E2556DAB9008DF7D7 /* CollectionViewController.swift */; };
		23B538822556DAE1008DF7D7 /* ViewHolder.swift in Sources */ = {isa = PBXBuildFile; fileRef = 23B538812556DAE1008DF7D7 /* ViewHolder.swift */; };
		23B538852556DB67008DF7D7 /* CellModel.swift in Sources */ = {isa = PBXBuildFile; fileRef = 23B538842556DB67008DF7D7 /* CellModel.swift */; };
		23B538902556DC13008DF7D7 /* LookAtSpendingItemView.swift in Sources */ = {isa = PBXBuildFile; fileRef = 23B5388F2556DC13008DF7D7 /* LookAtSpendingItemView.swift */; };
		23B538942556DD5A008DF7D7 /* SpendingView.swift in Sources */ = {isa = PBXBuildFile; fileRef = 23B538932556DD5A008DF7D7 /* SpendingView.swift */; };
		23B538992556DE35008DF7D7 /* SpendingViewData.swift in Sources */ = {isa = PBXBuildFile; fileRef = 23B538982556DE35008DF7D7 /* SpendingViewData.swift */; };
		23B5389C2556DE70008DF7D7 /* SpendingItemModel.swift in Sources */ = {isa = PBXBuildFile; fileRef = 23B5389B2556DE70008DF7D7 /* SpendingItemModel.swift */; };
		23B5389F2556DFFB008DF7D7 /* GenericCollectionViewCell.swift in Sources */ = {isa = PBXBuildFile; fileRef = 23B5389E2556DFFB008DF7D7 /* GenericCollectionViewCell.swift */; };
		23B538A52556E29A008DF7D7 /* MainView.swift in Sources */ = {isa = PBXBuildFile; fileRef = 23B538A42556E29A008DF7D7 /* MainView.swift */; };
		23B538A92556E30B008DF7D7 /* MainViewModel.swift in Sources */ = {isa = PBXBuildFile; fileRef = 23B538A82556E30B008DF7D7 /* MainViewModel.swift */; };
		23B538AD2556E3A9008DF7D7 /* MainViewController.swift in Sources */ = {isa = PBXBuildFile; fileRef = 23B538AC2556E3A9008DF7D7 /* MainViewController.swift */; };
		23B538B02556E472008DF7D7 /* HeaderItemViewData.swift in Sources */ = {isa = PBXBuildFile; fileRef = 23B538AF2556E472008DF7D7 /* HeaderItemViewData.swift */; };
		23B538B32556E4F2008DF7D7 /* HeaderItemModel.swift in Sources */ = {isa = PBXBuildFile; fileRef = 23B538B22556E4F2008DF7D7 /* HeaderItemModel.swift */; };
		23B538B62556E8A8008DF7D7 /* HeaderDataSource.swift in Sources */ = {isa = PBXBuildFile; fileRef = 23B538B52556E8A8008DF7D7 /* HeaderDataSource.swift */; };
		23B538B92556EB99008DF7D7 /* LookAtSpendingsDataSource.swift in Sources */ = {isa = PBXBuildFile; fileRef = 23B538B82556EB99008DF7D7 /* LookAtSpendingsDataSource.swift */; };
		23B538BC2556EBDA008DF7D7 /* LookAtSpendingsItemViewData.swift in Sources */ = {isa = PBXBuildFile; fileRef = 23B538BB2556EBDA008DF7D7 /* LookAtSpendingsItemViewData.swift */; };
		23B538BF2556EBE5008DF7D7 /* LookAtSpendingsItemModel.swift in Sources */ = {isa = PBXBuildFile; fileRef = 23B538BE2556EBE5008DF7D7 /* LookAtSpendingsItemModel.swift */; };
		23B538C42556F296008DF7D7 /* PopularCategoryItemView.swift in Sources */ = {isa = PBXBuildFile; fileRef = 23B538C32556F296008DF7D7 /* PopularCategoryItemView.swift */; };
		23B538C82556F6ED008DF7D7 /* PopularCategoryItemViewData.swift in Sources */ = {isa = PBXBuildFile; fileRef = 23B538C72556F6ED008DF7D7 /* PopularCategoryItemViewData.swift */; };
		23B538CB2556F76C008DF7D7 /* PopularCategoryItemModel.swift in Sources */ = {isa = PBXBuildFile; fileRef = 23B538CA2556F76C008DF7D7 /* PopularCategoryItemModel.swift */; };
		23B538D02556FE90008DF7D7 /* TitleDataSource.swift in Sources */ = {isa = PBXBuildFile; fileRef = 23B538CF2556FE90008DF7D7 /* TitleDataSource.swift */; };
		9FB3AC6F2556EC11005E243A /* UpCommingSubscriptionsDataSource.swift in Sources */ = {isa = PBXBuildFile; fileRef = 9FB3AC6E2556EC11005E243A /* UpCommingSubscriptionsDataSource.swift */; };
		9FB3AC732556EC3F005E243A /* SubscriptionModel.swift in Sources */ = {isa = PBXBuildFile; fileRef = 9FB3AC722556EC3F005E243A /* SubscriptionModel.swift */; };
		9FB3AC792556F3D7005E243A /* SubscriptionsCarouselView.swift in Sources */ = {isa = PBXBuildFile; fileRef = 9FB3AC782556F3D7005E243A /* SubscriptionsCarouselView.swift */; };
		9FB3AC802556FD2B005E243A /* NavigationViewController.swift in Sources */ = {isa = PBXBuildFile; fileRef = 9FB3AC7F2556FD2B005E243A /* NavigationViewController.swift */; };
		9FCA09192556E27000FA4791 /* SubscriptionView.swift in Sources */ = {isa = PBXBuildFile; fileRef = 9FCA09182556E27000FA4791 /* SubscriptionView.swift */; };
		9FCA091C2556E31000FA4791 /* UIColor+Contrast.swift in Sources */ = {isa = PBXBuildFile; fileRef = 9FCA091B2556E31000FA4791 /* UIColor+Contrast.swift */; };
		9FCA09222556E9CE00FA4791 /* SubscriptionsViewController.swift in Sources */ = {isa = PBXBuildFile; fileRef = 9FCA09212556E9CE00FA4791 /* SubscriptionsViewController.swift */; };
		9FCA09262556EA1500FA4791 /* SubscriptionsView.swift in Sources */ = {isa = PBXBuildFile; fileRef = 9FCA09252556EA1500FA4791 /* SubscriptionsView.swift */; };
		9FCA092D2556EA3800FA4791 /* SubscriptionsViewModel.swift in Sources */ = {isa = PBXBuildFile; fileRef = 9FCA092C2556EA3800FA4791 /* SubscriptionsViewModel.swift */; };
		B815FAF394BE99FEC9F6A757 /* Pods_MoneyHealth.framework in Frameworks */ = {isa = PBXBuildFile; fileRef = 7D3626CFBACBF5177EB77F42 /* Pods_MoneyHealth.framework */; };
/* End PBXBuildFile section */

/* Begin PBXFileReference section */
		218BF6C200331D68D92A8B0C /* Pods-MoneyHealth.debug.xcconfig */ = {isa = PBXFileReference; includeInIndex = 1; lastKnownFileType = text.xcconfig; name = "Pods-MoneyHealth.debug.xcconfig"; path = "Target Support Files/Pods-MoneyHealth/Pods-MoneyHealth.debug.xcconfig"; sourceTree = "<group>"; };
		2317FE9325569FDA00E049B8 /* Transaction.swift */ = {isa = PBXFileReference; lastKnownFileType = sourcecode.swift; path = Transaction.swift; sourceTree = "<group>"; };
		2317FE972556A03500E049B8 /* Category.swift */ = {isa = PBXFileReference; lastKnownFileType = sourcecode.swift; path = Category.swift; sourceTree = "<group>"; };
		2317FE9A2556A04A00E049B8 /* Month.swift */ = {isa = PBXFileReference; lastKnownFileType = sourcecode.swift; path = Month.swift; sourceTree = "<group>"; };
		2317FE9F2556A19F00E049B8 /* MonthSpendAmount.swift */ = {isa = PBXFileReference; lastKnownFileType = sourcecode.swift; path = MonthSpendAmount.swift; sourceTree = "<group>"; };
		2317FEA82556A8CD00E049B8 /* SpendingService.swift */ = {isa = PBXFileReference; lastKnownFileType = sourcecode.swift; path = SpendingService.swift; sourceTree = "<group>"; };
		2317FEBF2556B6B900E049B8 /* ProgressView.swift */ = {isa = PBXFileReference; lastKnownFileType = sourcecode.swift; path = ProgressView.swift; sourceTree = "<group>"; };
		2317FEC52556B6F100E049B8 /* UIColor+Hex.swift */ = {isa = PBXFileReference; lastKnownFileType = sourcecode.swift; path = "UIColor+Hex.swift"; sourceTree = "<group>"; };
		2317FED02556BDD800E049B8 /* ImageViewWithProgress.swift */ = {isa = PBXFileReference; lastKnownFileType = sourcecode.swift; path = ImageViewWithProgress.swift; sourceTree = "<group>"; };
		2317FED82556C17700E049B8 /* HeaderView.swift */ = {isa = PBXFileReference; lastKnownFileType = sourcecode.swift; path = HeaderView.swift; sourceTree = "<group>"; };
		2317FEDC2556C29100E049B8 /* RatingView.swift */ = {isa = PBXFileReference; lastKnownFileType = sourcecode.swift; path = RatingView.swift; sourceTree = "<group>"; };
		2317FEE22556C6FE00E049B8 /* BalanceView.swift */ = {isa = PBXFileReference; lastKnownFileType = sourcecode.swift; path = BalanceView.swift; sourceTree = "<group>"; };
		2317FEE62556C9D900E049B8 /* ShowSpendsInAR.swift */ = {isa = PBXFileReference; lastKnownFileType = sourcecode.swift; path = ShowSpendsInAR.swift; sourceTree = "<group>"; };
		234A7CAE2555514000620B81 /* MoneyHealth.app */ = {isa = PBXFileReference; explicitFileType = wrapper.application; includeInIndex = 0; path = MoneyHealth.app; sourceTree = BUILT_PRODUCTS_DIR; };
		234A7CB12555514000620B81 /* AppDelegate.swift */ = {isa = PBXFileReference; lastKnownFileType = sourcecode.swift; path = AppDelegate.swift; sourceTree = "<group>"; };
		234A7CBA2555514100620B81 /* Assets.xcassets */ = {isa = PBXFileReference; lastKnownFileType = folder.assetcatalog; path = Assets.xcassets; sourceTree = "<group>"; };
		234A7CBD2555514100620B81 /* Base */ = {isa = PBXFileReference; lastKnownFileType = file.storyboard; name = Base; path = Base.lproj/LaunchScreen.storyboard; sourceTree = "<group>"; };
		234A7CBF2555514100620B81 /* Info.plist */ = {isa = PBXFileReference; lastKnownFileType = text.plist.xml; path = Info.plist; sourceTree = "<group>"; };
		23B538672556CDC0008DF7D7 /* CollectionViewContainer.swift */ = {isa = PBXFileReference; lastKnownFileType = sourcecode.swift; path = CollectionViewContainer.swift; sourceTree = "<group>"; };
		23B5386C2556CDE0008DF7D7 /* CollectionViewDataSource.swift */ = {isa = PBXFileReference; lastKnownFileType = sourcecode.swift; path = CollectionViewDataSource.swift; sourceTree = "<group>"; };
		23B5386F2556CE2D008DF7D7 /* ReusableView.swift */ = {isa = PBXFileReference; lastKnownFileType = sourcecode.swift; path = ReusableView.swift; sourceTree = "<group>"; };
		23B538732556CF1C008DF7D7 /* UICollectionView+Reusable.swift */ = {isa = PBXFileReference; lastKnownFileType = sourcecode.swift; path = "UICollectionView+Reusable.swift"; sourceTree = "<group>"; };
		23B5387E2556DAB9008DF7D7 /* CollectionViewController.swift */ = {isa = PBXFileReference; lastKnownFileType = sourcecode.swift; path = CollectionViewController.swift; sourceTree = "<group>"; };
		23B538812556DAE1008DF7D7 /* ViewHolder.swift */ = {isa = PBXFileReference; lastKnownFileType = sourcecode.swift; path = ViewHolder.swift; sourceTree = "<group>"; };
		23B538842556DB67008DF7D7 /* CellModel.swift */ = {isa = PBXFileReference; lastKnownFileType = sourcecode.swift; path = CellModel.swift; sourceTree = "<group>"; };
		23B5388F2556DC13008DF7D7 /* LookAtSpendingItemView.swift */ = {isa = PBXFileReference; lastKnownFileType = sourcecode.swift; path = LookAtSpendingItemView.swift; sourceTree = "<group>"; };
		23B538932556DD5A008DF7D7 /* SpendingView.swift */ = {isa = PBXFileReference; lastKnownFileType = sourcecode.swift; path = SpendingView.swift; sourceTree = "<group>"; };
		23B538982556DE35008DF7D7 /* SpendingViewData.swift */ = {isa = PBXFileReference; lastKnownFileType = sourcecode.swift; path = SpendingViewData.swift; sourceTree = "<group>"; };
		23B5389B2556DE70008DF7D7 /* SpendingItemModel.swift */ = {isa = PBXFileReference; lastKnownFileType = sourcecode.swift; path = SpendingItemModel.swift; sourceTree = "<group>"; };
		23B5389E2556DFFB008DF7D7 /* GenericCollectionViewCell.swift */ = {isa = PBXFileReference; lastKnownFileType = sourcecode.swift; path = GenericCollectionViewCell.swift; sourceTree = "<group>"; };
		23B538A42556E29A008DF7D7 /* MainView.swift */ = {isa = PBXFileReference; lastKnownFileType = sourcecode.swift; path = MainView.swift; sourceTree = "<group>"; };
		23B538A82556E30B008DF7D7 /* MainViewModel.swift */ = {isa = PBXFileReference; lastKnownFileType = sourcecode.swift; path = MainViewModel.swift; sourceTree = "<group>"; };
		23B538AC2556E3A9008DF7D7 /* MainViewController.swift */ = {isa = PBXFileReference; lastKnownFileType = sourcecode.swift; path = MainViewController.swift; sourceTree = "<group>"; };
		23B538AF2556E472008DF7D7 /* HeaderItemViewData.swift */ = {isa = PBXFileReference; lastKnownFileType = sourcecode.swift; path = HeaderItemViewData.swift; sourceTree = "<group>"; };
		23B538B22556E4F2008DF7D7 /* HeaderItemModel.swift */ = {isa = PBXFileReference; lastKnownFileType = sourcecode.swift; path = HeaderItemModel.swift; sourceTree = "<group>"; };
		23B538B52556E8A8008DF7D7 /* HeaderDataSource.swift */ = {isa = PBXFileReference; lastKnownFileType = sourcecode.swift; path = HeaderDataSource.swift; sourceTree = "<group>"; };
		23B538B82556EB99008DF7D7 /* LookAtSpendingsDataSource.swift */ = {isa = PBXFileReference; lastKnownFileType = sourcecode.swift; path = LookAtSpendingsDataSource.swift; sourceTree = "<group>"; };
		23B538BB2556EBDA008DF7D7 /* LookAtSpendingsItemViewData.swift */ = {isa = PBXFileReference; lastKnownFileType = sourcecode.swift; path = LookAtSpendingsItemViewData.swift; sourceTree = "<group>"; };
		23B538BE2556EBE5008DF7D7 /* LookAtSpendingsItemModel.swift */ = {isa = PBXFileReference; lastKnownFileType = sourcecode.swift; path = LookAtSpendingsItemModel.swift; sourceTree = "<group>"; };
		23B538C32556F296008DF7D7 /* PopularCategoryItemView.swift */ = {isa = PBXFileReference; lastKnownFileType = sourcecode.swift; path = PopularCategoryItemView.swift; sourceTree = "<group>"; };
		23B538C72556F6ED008DF7D7 /* PopularCategoryItemViewData.swift */ = {isa = PBXFileReference; lastKnownFileType = sourcecode.swift; path = PopularCategoryItemViewData.swift; sourceTree = "<group>"; };
		23B538CA2556F76C008DF7D7 /* PopularCategoryItemModel.swift */ = {isa = PBXFileReference; lastKnownFileType = sourcecode.swift; path = PopularCategoryItemModel.swift; sourceTree = "<group>"; };
		23B538CF2556FE90008DF7D7 /* TitleDataSource.swift */ = {isa = PBXFileReference; lastKnownFileType = sourcecode.swift; path = TitleDataSource.swift; sourceTree = "<group>"; };
		5EF678D640A05B10A9259C5F /* Pods-MoneyHealth.release.xcconfig */ = {isa = PBXFileReference; includeInIndex = 1; lastKnownFileType = text.xcconfig; name = "Pods-MoneyHealth.release.xcconfig"; path = "Target Support Files/Pods-MoneyHealth/Pods-MoneyHealth.release.xcconfig"; sourceTree = "<group>"; };
		7D3626CFBACBF5177EB77F42 /* Pods_MoneyHealth.framework */ = {isa = PBXFileReference; explicitFileType = wrapper.framework; includeInIndex = 0; path = Pods_MoneyHealth.framework; sourceTree = BUILT_PRODUCTS_DIR; };
		9FB3AC6E2556EC11005E243A /* UpCommingSubscriptionsDataSource.swift */ = {isa = PBXFileReference; lastKnownFileType = sourcecode.swift; path = UpCommingSubscriptionsDataSource.swift; sourceTree = "<group>"; };
		9FB3AC722556EC3F005E243A /* SubscriptionModel.swift */ = {isa = PBXFileReference; lastKnownFileType = sourcecode.swift; path = SubscriptionModel.swift; sourceTree = "<group>"; };
		9FB3AC782556F3D7005E243A /* SubscriptionsCarouselView.swift */ = {isa = PBXFileReference; lastKnownFileType = sourcecode.swift; path = SubscriptionsCarouselView.swift; sourceTree = "<group>"; };
		9FB3AC7F2556FD2B005E243A /* NavigationViewController.swift */ = {isa = PBXFileReference; lastKnownFileType = sourcecode.swift; path = NavigationViewController.swift; sourceTree = "<group>"; };
		9FCA09182556E27000FA4791 /* SubscriptionView.swift */ = {isa = PBXFileReference; lastKnownFileType = sourcecode.swift; path = SubscriptionView.swift; sourceTree = "<group>"; };
		9FCA091B2556E31000FA4791 /* UIColor+Contrast.swift */ = {isa = PBXFileReference; lastKnownFileType = sourcecode.swift; path = "UIColor+Contrast.swift"; sourceTree = "<group>"; };
		9FCA09212556E9CE00FA4791 /* SubscriptionsViewController.swift */ = {isa = PBXFileReference; lastKnownFileType = sourcecode.swift; path = SubscriptionsViewController.swift; sourceTree = "<group>"; };
		9FCA09252556EA1500FA4791 /* SubscriptionsView.swift */ = {isa = PBXFileReference; lastKnownFileType = sourcecode.swift; path = SubscriptionsView.swift; sourceTree = "<group>"; };
		9FCA092C2556EA3800FA4791 /* SubscriptionsViewModel.swift */ = {isa = PBXFileReference; lastKnownFileType = sourcecode.swift; path = SubscriptionsViewModel.swift; sourceTree = "<group>"; };
/* End PBXFileReference section */

/* Begin PBXFrameworksBuildPhase section */
		234A7CAB2555514000620B81 /* Frameworks */ = {
			isa = PBXFrameworksBuildPhase;
			buildActionMask = 2147483647;
			files = (
				B815FAF394BE99FEC9F6A757 /* Pods_MoneyHealth.framework in Frameworks */,
			);
			runOnlyForDeploymentPostprocessing = 0;
		};
/* End PBXFrameworksBuildPhase section */

/* Begin PBXGroup section */
		2317FE9125569FCA00E049B8 /* ApplicationLayer */ = {
			isa = PBXGroup;
			children = (
				2317FEC22556B6D300E049B8 /* Extensions */,
				2317FEA72556A6E900E049B8 /* Services */,
				2317FE9225569FD100E049B8 /* Models */,
			);
			path = ApplicationLayer;
			sourceTree = "<group>";
		};
		2317FE9225569FD100E049B8 /* Models */ = {
			isa = PBXGroup;
			children = (
				9FB3AC712556EC35005E243A /* SubscriptionModel */,
				2317FE9E2556A18B00E049B8 /* PostProcessedModels */,
				2317FE9D2556A17B00E049B8 /* PreprocessingModels */,
			);
			path = Models;
			sourceTree = "<group>";
		};
		2317FE9D2556A17B00E049B8 /* PreprocessingModels */ = {
			isa = PBXGroup;
			children = (
				2317FE9325569FDA00E049B8 /* Transaction.swift */,
				2317FE972556A03500E049B8 /* Category.swift */,
				2317FE9A2556A04A00E049B8 /* Month.swift */,
			);
			path = PreprocessingModels;
			sourceTree = "<group>";
		};
		2317FE9E2556A18B00E049B8 /* PostProcessedModels */ = {
			isa = PBXGroup;
			children = (
				2317FE9F2556A19F00E049B8 /* MonthSpendAmount.swift */,
			);
			path = PostProcessedModels;
			sourceTree = "<group>";
		};
		2317FEA72556A6E900E049B8 /* Services */ = {
			isa = PBXGroup;
			children = (
				2317FEA82556A8CD00E049B8 /* SpendingService.swift */,
			);
			path = Services;
			sourceTree = "<group>";
		};
		2317FEAD2556B57500E049B8 /* PresentationLayer */ = {
			isa = PBXGroup;
			children = (
				23B538A22556E280008DF7D7 /* Flows */,
				23B538662556CDB6008DF7D7 /* Collections */,
				2317FEAE2556B58E00E049B8 /* Views */,
			);
			path = PresentationLayer;
			sourceTree = "<group>";
		};
		2317FEAE2556B58E00E049B8 /* Views */ = {
			isa = PBXGroup;
			children = (
				9FB3AC772556F3AB005E243A /* SubscriptionsCarouselView */,
				23B538C22556F247008DF7D7 /* PopularCategoryItemView */,
				9FCA09162556E24600FA4791 /* SubscriotionView */,
				23B5388E2556DBF2008DF7D7 /* LookAtSpendingsItemView */,
				2317FEE52556C9D000E049B8 /* Buttons */,
				2317FEE12556C6E100E049B8 /* Balance */,
				2317FEDB2556C27F00E049B8 /* RatingView */,
				2317FEB62556B5DF00E049B8 /* ProgressView */,
				2317FEB52556B5BC00E049B8 /* ImageView */,
				2317FEAF2556B59300E049B8 /* HeaderView */,
			);
			path = Views;
			sourceTree = "<group>";
		};
		2317FEAF2556B59300E049B8 /* HeaderView */ = {
			isa = PBXGroup;
			children = (
				2317FED82556C17700E049B8 /* HeaderView.swift */,
				23B538AF2556E472008DF7D7 /* HeaderItemViewData.swift */,
				23B538B22556E4F2008DF7D7 /* HeaderItemModel.swift */,
			);
			path = HeaderView;
			sourceTree = "<group>";
		};
		2317FEB52556B5BC00E049B8 /* ImageView */ = {
			isa = PBXGroup;
			children = (
				2317FED02556BDD800E049B8 /* ImageViewWithProgress.swift */,
			);
			path = ImageView;
			sourceTree = "<group>";
		};
		2317FEB62556B5DF00E049B8 /* ProgressView */ = {
			isa = PBXGroup;
			children = (
				2317FEBF2556B6B900E049B8 /* ProgressView.swift */,
			);
			path = ProgressView;
			sourceTree = "<group>";
		};
		2317FEC22556B6D300E049B8 /* Extensions */ = {
			isa = PBXGroup;
			children = (
				2317FEC32556B6D900E049B8 /* UIKIt */,
			);
			path = Extensions;
			sourceTree = "<group>";
		};
		2317FEC32556B6D900E049B8 /* UIKIt */ = {
			isa = PBXGroup;
			children = (
				23B538722556CF0D008DF7D7 /* UICollectionView */,
				2317FEC42556B6DE00E049B8 /* UIColor */,
			);
			path = UIKIt;
			sourceTree = "<group>";
		};
		2317FEC42556B6DE00E049B8 /* UIColor */ = {
			isa = PBXGroup;
			children = (
				2317FEC52556B6F100E049B8 /* UIColor+Hex.swift */,
				9FCA091B2556E31000FA4791 /* UIColor+Contrast.swift */,
			);
			path = UIColor;
			sourceTree = "<group>";
		};
		2317FEDB2556C27F00E049B8 /* RatingView */ = {
			isa = PBXGroup;
			children = (
				2317FEDC2556C29100E049B8 /* RatingView.swift */,
			);
			path = RatingView;
			sourceTree = "<group>";
		};
		2317FEE12556C6E100E049B8 /* Balance */ = {
			isa = PBXGroup;
			children = (
				2317FEE22556C6FE00E049B8 /* BalanceView.swift */,
			);
			path = Balance;
			sourceTree = "<group>";
		};
		2317FEE52556C9D000E049B8 /* Buttons */ = {
			isa = PBXGroup;
			children = (
				2317FEE62556C9D900E049B8 /* ShowSpendsInAR.swift */,
			);
			path = Buttons;
			sourceTree = "<group>";
		};
		234A7CA52555514000620B81 = {
			isa = PBXGroup;
			children = (
				234A7CB02555514000620B81 /* MoneyHealth */,
				234A7CAF2555514000620B81 /* Products */,
				520A074D83EDD7594AB4DBC6 /* Pods */,
				E56F3519003F500A4047E613 /* Frameworks */,
			);
			sourceTree = "<group>";
		};
		234A7CAF2555514000620B81 /* Products */ = {
			isa = PBXGroup;
			children = (
				234A7CAE2555514000620B81 /* MoneyHealth.app */,
			);
			name = Products;
			sourceTree = "<group>";
		};
		234A7CB02555514000620B81 /* MoneyHealth */ = {
			isa = PBXGroup;
			children = (
				2317FEAD2556B57500E049B8 /* PresentationLayer */,
				2317FE9125569FCA00E049B8 /* ApplicationLayer */,
				234A7CB12555514000620B81 /* AppDelegate.swift */,
				234A7CBA2555514100620B81 /* Assets.xcassets */,
				234A7CBC2555514100620B81 /* LaunchScreen.storyboard */,
				234A7CBF2555514100620B81 /* Info.plist */,
			);
			path = MoneyHealth;
			sourceTree = "<group>";
		};
		23B538662556CDB6008DF7D7 /* Collections */ = {
			isa = PBXGroup;
			children = (
				23B538672556CDC0008DF7D7 /* CollectionViewContainer.swift */,
				23B5386C2556CDE0008DF7D7 /* CollectionViewDataSource.swift */,
				23B5386F2556CE2D008DF7D7 /* ReusableView.swift */,
				23B5387E2556DAB9008DF7D7 /* CollectionViewController.swift */,
				23B538812556DAE1008DF7D7 /* ViewHolder.swift */,
				23B538842556DB67008DF7D7 /* CellModel.swift */,
				23B5389E2556DFFB008DF7D7 /* GenericCollectionViewCell.swift */,
			);
			path = Collections;
			sourceTree = "<group>";
		};
		23B538722556CF0D008DF7D7 /* UICollectionView */ = {
			isa = PBXGroup;
			children = (
				23B538732556CF1C008DF7D7 /* UICollectionView+Reusable.swift */,
			);
			path = UICollectionView;
			sourceTree = "<group>";
		};
		23B5388E2556DBF2008DF7D7 /* LookAtSpendingsItemView */ = {
			isa = PBXGroup;
			children = (
				23B5388F2556DC13008DF7D7 /* LookAtSpendingItemView.swift */,
				23B538962556DE28008DF7D7 /* SpendingView */,
				23B538BB2556EBDA008DF7D7 /* LookAtSpendingsItemViewData.swift */,
				23B538BE2556EBE5008DF7D7 /* LookAtSpendingsItemModel.swift */,
			);
			path = LookAtSpendingsItemView;
			sourceTree = "<group>";
		};
		23B538962556DE28008DF7D7 /* SpendingView */ = {
			isa = PBXGroup;
			children = (
				23B538932556DD5A008DF7D7 /* SpendingView.swift */,
				23B538982556DE35008DF7D7 /* SpendingViewData.swift */,
				23B5389B2556DE70008DF7D7 /* SpendingItemModel.swift */,
			);
			path = SpendingView;
			sourceTree = "<group>";
		};
		23B538A22556E280008DF7D7 /* Flows */ = {
			isa = PBXGroup;
			children = (
				9FB3AC7E2556FD1B005E243A /* Navigation */,
				9FCA09202556E94100FA4791 /* SubscriptionsModule */,
				23B538A32556E288008DF7D7 /* MainModule */,
			);
			path = Flows;
			sourceTree = "<group>";
		};
		23B538A32556E288008DF7D7 /* MainModule */ = {
			isa = PBXGroup;
			children = (
				23B538A42556E29A008DF7D7 /* MainView.swift */,
				23B538A82556E30B008DF7D7 /* MainViewModel.swift */,
				23B538AC2556E3A9008DF7D7 /* MainViewController.swift */,
				23B538B52556E8A8008DF7D7 /* HeaderDataSource.swift */,
				23B538B82556EB99008DF7D7 /* LookAtSpendingsDataSource.swift */,
				23B538CF2556FE90008DF7D7 /* TitleDataSource.swift */,
			);
			path = MainModule;
			sourceTree = "<group>";
		};
		23B538C22556F247008DF7D7 /* PopularCategoryItemView */ = {
			isa = PBXGroup;
			children = (
				23B538C32556F296008DF7D7 /* PopularCategoryItemView.swift */,
				23B538C72556F6ED008DF7D7 /* PopularCategoryItemViewData.swift */,
				23B538CA2556F76C008DF7D7 /* PopularCategoryItemModel.swift */,
			);
			path = PopularCategoryItemView;
			sourceTree = "<group>";
		};
		520A074D83EDD7594AB4DBC6 /* Pods */ = {
			isa = PBXGroup;
			children = (
				218BF6C200331D68D92A8B0C /* Pods-MoneyHealth.debug.xcconfig */,
				5EF678D640A05B10A9259C5F /* Pods-MoneyHealth.release.xcconfig */,
			);
			path = Pods;
			sourceTree = "<group>";
		};
		9FB3AC712556EC35005E243A /* SubscriptionModel */ = {
			isa = PBXGroup;
			children = (
				9FB3AC722556EC3F005E243A /* SubscriptionModel.swift */,
			);
			path = SubscriptionModel;
			sourceTree = "<group>";
		};
		9FB3AC772556F3AB005E243A /* SubscriptionsCarouselView */ = {
			isa = PBXGroup;
			children = (
				9FB3AC782556F3D7005E243A /* SubscriptionsCarouselView.swift */,
			);
			path = SubscriptionsCarouselView;
			sourceTree = "<group>";
		};
		9FB3AC7E2556FD1B005E243A /* Navigation */ = {
			isa = PBXGroup;
			children = (
				9FB3AC7F2556FD2B005E243A /* NavigationViewController.swift */,
			);
			path = Navigation;
			sourceTree = "<group>";
		};
		9FCA09162556E24600FA4791 /* SubscriotionView */ = {
			isa = PBXGroup;
			children = (
				9FCA09182556E27000FA4791 /* SubscriptionView.swift */,
			);
			path = SubscriotionView;
			sourceTree = "<group>";
		};
		9FCA09202556E94100FA4791 /* SubscriptionsModule */ = {
			isa = PBXGroup;
			children = (
				9FCA09282556EA2B00FA4791 /* View */,
				9FCA092A2556EA2F00FA4791 /* ViewController */,
				9FCA092F2556EA3B00FA4791 /* ViewModel */,
			);
			path = SubscriptionsModule;
			sourceTree = "<group>";
		};
		9FCA09282556EA2B00FA4791 /* View */ = {
			isa = PBXGroup;
			children = (
				9FCA09252556EA1500FA4791 /* SubscriptionsView.swift */,
			);
			path = View;
			sourceTree = "<group>";
		};
		9FCA092A2556EA2F00FA4791 /* ViewController */ = {
			isa = PBXGroup;
			children = (
				9FCA09212556E9CE00FA4791 /* SubscriptionsViewController.swift */,
			);
			path = ViewController;
			sourceTree = "<group>";
		};
		9FCA092F2556EA3B00FA4791 /* ViewModel */ = {
			isa = PBXGroup;
			children = (
				9FCA09312556EACA00FA4791 /* DataSources */,
				9FCA092C2556EA3800FA4791 /* SubscriptionsViewModel.swift */,
			);
			path = ViewModel;
			sourceTree = "<group>";
		};
		9FCA09312556EACA00FA4791 /* DataSources */ = {
			isa = PBXGroup;
			children = (
				9FB3AC6E2556EC11005E243A /* UpCommingSubscriptionsDataSource.swift */,
			);
			path = DataSources;
			sourceTree = "<group>";
		};
		E56F3519003F500A4047E613 /* Frameworks */ = {
			isa = PBXGroup;
			children = (
				7D3626CFBACBF5177EB77F42 /* Pods_MoneyHealth.framework */,
			);
			name = Frameworks;
			sourceTree = "<group>";
		};
/* End PBXGroup section */

/* Begin PBXNativeTarget section */
		234A7CAD2555514000620B81 /* MoneyHealth */ = {
			isa = PBXNativeTarget;
			buildConfigurationList = 234A7CC22555514100620B81 /* Build configuration list for PBXNativeTarget "MoneyHealth" */;
			buildPhases = (
				5FDBA67DD7E2F9A1A5482643 /* [CP] Check Pods Manifest.lock */,
				234A7CAA2555514000620B81 /* Sources */,
				234A7CAB2555514000620B81 /* Frameworks */,
				234A7CAC2555514000620B81 /* Resources */,
				148DD6B69B707D219E613EDB /* [CP] Embed Pods Frameworks */,
			);
			buildRules = (
			);
			dependencies = (
			);
			name = MoneyHealth;
			productName = MoneyHealth;
			productReference = 234A7CAE2555514000620B81 /* MoneyHealth.app */;
			productType = "com.apple.product-type.application";
		};
/* End PBXNativeTarget section */

/* Begin PBXProject section */
		234A7CA62555514000620B81 /* Project object */ = {
			isa = PBXProject;
			attributes = {
				BuildIndependentTargetsInParallel = YES;
				LastSwiftUpdateCheck = 1210;
				LastUpgradeCheck = 1210;
				TargetAttributes = {
					234A7CAD2555514000620B81 = {
						CreatedOnToolsVersion = 12.1;
					};
				};
			};
			buildConfigurationList = 234A7CA92555514000620B81 /* Build configuration list for PBXProject "MoneyHealth" */;
			compatibilityVersion = "Xcode 9.3";
			developmentRegion = en;
			hasScannedForEncodings = 0;
			knownRegions = (
				en,
				Base,
			);
			mainGroup = 234A7CA52555514000620B81;
			productRefGroup = 234A7CAF2555514000620B81 /* Products */;
			projectDirPath = "";
			projectRoot = "";
			targets = (
				234A7CAD2555514000620B81 /* MoneyHealth */,
			);
		};
/* End PBXProject section */

/* Begin PBXResourcesBuildPhase section */
		234A7CAC2555514000620B81 /* Resources */ = {
			isa = PBXResourcesBuildPhase;
			buildActionMask = 2147483647;
			files = (
				234A7CBE2555514100620B81 /* LaunchScreen.storyboard in Resources */,
				234A7CBB2555514100620B81 /* Assets.xcassets in Resources */,
			);
			runOnlyForDeploymentPostprocessing = 0;
		};
/* End PBXResourcesBuildPhase section */

/* Begin PBXShellScriptBuildPhase section */
		148DD6B69B707D219E613EDB /* [CP] Embed Pods Frameworks */ = {
			isa = PBXShellScriptBuildPhase;
			buildActionMask = 2147483647;
			files = (
			);
			inputFileListPaths = (
				"${PODS_ROOT}/Target Support Files/Pods-MoneyHealth/Pods-MoneyHealth-frameworks-${CONFIGURATION}-input-files.xcfilelist",
			);
			name = "[CP] Embed Pods Frameworks";
			outputFileListPaths = (
				"${PODS_ROOT}/Target Support Files/Pods-MoneyHealth/Pods-MoneyHealth-frameworks-${CONFIGURATION}-output-files.xcfilelist",
			);
			runOnlyForDeploymentPostprocessing = 0;
			shellPath = /bin/sh;
			shellScript = "\"${PODS_ROOT}/Target Support Files/Pods-MoneyHealth/Pods-MoneyHealth-frameworks.sh\"\n";
			showEnvVarsInLog = 0;
		};
		5FDBA67DD7E2F9A1A5482643 /* [CP] Check Pods Manifest.lock */ = {
			isa = PBXShellScriptBuildPhase;
			buildActionMask = 2147483647;
			files = (
			);
			inputFileListPaths = (
			);
			inputPaths = (
				"${PODS_PODFILE_DIR_PATH}/Podfile.lock",
				"${PODS_ROOT}/Manifest.lock",
			);
			name = "[CP] Check Pods Manifest.lock";
			outputFileListPaths = (
			);
			outputPaths = (
				"$(DERIVED_FILE_DIR)/Pods-MoneyHealth-checkManifestLockResult.txt",
			);
			runOnlyForDeploymentPostprocessing = 0;
			shellPath = /bin/sh;
			shellScript = "diff \"${PODS_PODFILE_DIR_PATH}/Podfile.lock\" \"${PODS_ROOT}/Manifest.lock\" > /dev/null\nif [ $? != 0 ] ; then\n    # print error to STDERR\n    echo \"error: The sandbox is not in sync with the Podfile.lock. Run 'pod install' or update your CocoaPods installation.\" >&2\n    exit 1\nfi\n# This output is used by Xcode 'outputs' to avoid re-running this script phase.\necho \"SUCCESS\" > \"${SCRIPT_OUTPUT_FILE_0}\"\n";
			showEnvVarsInLog = 0;
		};
/* End PBXShellScriptBuildPhase section */

/* Begin PBXSourcesBuildPhase section */
		234A7CAA2555514000620B81 /* Sources */ = {
			isa = PBXSourcesBuildPhase;
			buildActionMask = 2147483647;
			files = (
				9FB3AC732556EC3F005E243A /* SubscriptionModel.swift in Sources */,
				23B5389C2556DE70008DF7D7 /* SpendingItemModel.swift in Sources */,
				23B538A52556E29A008DF7D7 /* MainView.swift in Sources */,
				2317FEA92556A8CD00E049B8 /* SpendingService.swift in Sources */,
				9FCA092D2556EA3800FA4791 /* SubscriptionsViewModel.swift in Sources */,
				23B538702556CE2D008DF7D7 /* ReusableView.swift in Sources */,
				2317FEA02556A19F00E049B8 /* MonthSpendAmount.swift in Sources */,
				9FCA09262556EA1500FA4791 /* SubscriptionsView.swift in Sources */,
				2317FEE72556C9D900E049B8 /* ShowSpendsInAR.swift in Sources */,
				9FCA09192556E27000FA4791 /* SubscriptionView.swift in Sources */,
				23B5389F2556DFFB008DF7D7 /* GenericCollectionViewCell.swift in Sources */,
				23B538AD2556E3A9008DF7D7 /* MainViewController.swift in Sources */,
				2317FEDD2556C29100E049B8 /* RatingView.swift in Sources */,
				2317FEC62556B6F100E049B8 /* UIColor+Hex.swift in Sources */,
				234A7CB22555514000620B81 /* AppDelegate.swift in Sources */,
				2317FE9425569FDA00E049B8 /* Transaction.swift in Sources */,
				2317FEC02556B6B900E049B8 /* ProgressView.swift in Sources */,
				23B538B32556E4F2008DF7D7 /* HeaderItemModel.swift in Sources */,
				23B538C82556F6ED008DF7D7 /* PopularCategoryItemViewData.swift in Sources */,
				23B538D02556FE90008DF7D7 /* TitleDataSource.swift in Sources */,
				2317FED92556C17700E049B8 /* HeaderView.swift in Sources */,
				23B538852556DB67008DF7D7 /* CellModel.swift in Sources */,
				23B538682556CDC0008DF7D7 /* CollectionViewContainer.swift in Sources */,
				23B538822556DAE1008DF7D7 /* ViewHolder.swift in Sources */,
				23B538BC2556EBDA008DF7D7 /* LookAtSpendingsItemViewData.swift in Sources */,
				23B538992556DE35008DF7D7 /* SpendingViewData.swift in Sources */,
				9FB3AC802556FD2B005E243A /* NavigationViewController.swift in Sources */,
				23B538BF2556EBE5008DF7D7 /* LookAtSpendingsItemModel.swift in Sources */,
				9FB3AC792556F3D7005E243A /* SubscriptionsCarouselView.swift in Sources */,
				23B538CB2556F76C008DF7D7 /* PopularCategoryItemModel.swift in Sources */,
				23B538B02556E472008DF7D7 /* HeaderItemViewData.swift in Sources */,
				23B538A92556E30B008DF7D7 /* MainViewModel.swift in Sources */,
				23B5387F2556DAB9008DF7D7 /* CollectionViewController.swift in Sources */,
				9FCA09222556E9CE00FA4791 /* SubscriptionsViewController.swift in Sources */,
				23B538942556DD5A008DF7D7 /* SpendingView.swift in Sources */,
				9FB3AC6F2556EC11005E243A /* UpCommingSubscriptionsDataSource.swift in Sources */,
				23B538C42556F296008DF7D7 /* PopularCategoryItemView.swift in Sources */,
				23B5386D2556CDE0008DF7D7 /* CollectionViewDataSource.swift in Sources */,
				2317FE9B2556A04A00E049B8 /* Month.swift in Sources */,
				2317FE982556A03500E049B8 /* Category.swift in Sources */,
				23B538B92556EB99008DF7D7 /* LookAtSpendingsDataSource.swift in Sources */,
				23B538742556CF1C008DF7D7 /* UICollectionView+Reusable.swift in Sources */,
				23B538902556DC13008DF7D7 /* LookAtSpendingItemView.swift in Sources */,
				23B538B62556E8A8008DF7D7 /* HeaderDataSource.swift in Sources */,
				2317FED12556BDD800E049B8 /* ImageViewWithProgress.swift in Sources */,
				2317FEE32556C6FE00E049B8 /* BalanceView.swift in Sources */,
				9FCA091C2556E31000FA4791 /* UIColor+Contrast.swift in Sources */,
			);
			runOnlyForDeploymentPostprocessing = 0;
		};
/* End PBXSourcesBuildPhase section */

/* Begin PBXVariantGroup section */
		234A7CBC2555514100620B81 /* LaunchScreen.storyboard */ = {
			isa = PBXVariantGroup;
			children = (
				234A7CBD2555514100620B81 /* Base */,
			);
			name = LaunchScreen.storyboard;
			sourceTree = "<group>";
		};
/* End PBXVariantGroup section */

/* Begin XCBuildConfiguration section */
		234A7CC02555514100620B81 /* Debug */ = {
			isa = XCBuildConfiguration;
			buildSettings = {
				ALWAYS_SEARCH_USER_PATHS = NO;
				CLANG_ANALYZER_NONNULL = YES;
				CLANG_ANALYZER_NUMBER_OBJECT_CONVERSION = YES_AGGRESSIVE;
				CLANG_CXX_LANGUAGE_STANDARD = "gnu++14";
				CLANG_CXX_LIBRARY = "libc++";
				CLANG_ENABLE_MODULES = YES;
				CLANG_ENABLE_OBJC_ARC = YES;
				CLANG_ENABLE_OBJC_WEAK = YES;
				CLANG_WARN_BLOCK_CAPTURE_AUTORELEASING = YES;
				CLANG_WARN_BOOL_CONVERSION = YES;
				CLANG_WARN_COMMA = YES;
				CLANG_WARN_CONSTANT_CONVERSION = YES;
				CLANG_WARN_DEPRECATED_OBJC_IMPLEMENTATIONS = YES;
				CLANG_WARN_DIRECT_OBJC_ISA_USAGE = YES_ERROR;
				CLANG_WARN_DOCUMENTATION_COMMENTS = YES;
				CLANG_WARN_EMPTY_BODY = YES;
				CLANG_WARN_ENUM_CONVERSION = YES;
				CLANG_WARN_INFINITE_RECURSION = YES;
				CLANG_WARN_INT_CONVERSION = YES;
				CLANG_WARN_NON_LITERAL_NULL_CONVERSION = YES;
				CLANG_WARN_OBJC_IMPLICIT_RETAIN_SELF = YES;
				CLANG_WARN_OBJC_LITERAL_CONVERSION = YES;
				CLANG_WARN_OBJC_ROOT_CLASS = YES_ERROR;
				CLANG_WARN_QUOTED_INCLUDE_IN_FRAMEWORK_HEADER = YES;
				CLANG_WARN_RANGE_LOOP_ANALYSIS = YES;
				CLANG_WARN_STRICT_PROTOTYPES = YES;
				CLANG_WARN_SUSPICIOUS_MOVE = YES;
				CLANG_WARN_UNGUARDED_AVAILABILITY = YES_AGGRESSIVE;
				CLANG_WARN_UNREACHABLE_CODE = YES;
				CLANG_WARN__DUPLICATE_METHOD_MATCH = YES;
				COPY_PHASE_STRIP = NO;
				DEBUG_INFORMATION_FORMAT = dwarf;
				ENABLE_STRICT_OBJC_MSGSEND = YES;
				ENABLE_TESTABILITY = YES;
				GCC_C_LANGUAGE_STANDARD = gnu11;
				GCC_DYNAMIC_NO_PIC = NO;
				GCC_NO_COMMON_BLOCKS = YES;
				GCC_OPTIMIZATION_LEVEL = 0;
				GCC_PREPROCESSOR_DEFINITIONS = (
					"DEBUG=1",
					"$(inherited)",
				);
				GCC_WARN_64_TO_32_BIT_CONVERSION = YES;
				GCC_WARN_ABOUT_RETURN_TYPE = YES_ERROR;
				GCC_WARN_UNDECLARED_SELECTOR = YES;
				GCC_WARN_UNINITIALIZED_AUTOS = YES_AGGRESSIVE;
				GCC_WARN_UNUSED_FUNCTION = YES;
				GCC_WARN_UNUSED_VARIABLE = YES;
				IPHONEOS_DEPLOYMENT_TARGET = 13.0;
				MTL_ENABLE_DEBUG_INFO = INCLUDE_SOURCE;
				MTL_FAST_MATH = YES;
				ONLY_ACTIVE_ARCH = YES;
				SDKROOT = iphoneos;
				SWIFT_ACTIVE_COMPILATION_CONDITIONS = DEBUG;
				SWIFT_OPTIMIZATION_LEVEL = "-Onone";
			};
			name = Debug;
		};
		234A7CC12555514100620B81 /* Release */ = {
			isa = XCBuildConfiguration;
			buildSettings = {
				ALWAYS_SEARCH_USER_PATHS = NO;
				CLANG_ANALYZER_NONNULL = YES;
				CLANG_ANALYZER_NUMBER_OBJECT_CONVERSION = YES_AGGRESSIVE;
				CLANG_CXX_LANGUAGE_STANDARD = "gnu++14";
				CLANG_CXX_LIBRARY = "libc++";
				CLANG_ENABLE_MODULES = YES;
				CLANG_ENABLE_OBJC_ARC = YES;
				CLANG_ENABLE_OBJC_WEAK = YES;
				CLANG_WARN_BLOCK_CAPTURE_AUTORELEASING = YES;
				CLANG_WARN_BOOL_CONVERSION = YES;
				CLANG_WARN_COMMA = YES;
				CLANG_WARN_CONSTANT_CONVERSION = YES;
				CLANG_WARN_DEPRECATED_OBJC_IMPLEMENTATIONS = YES;
				CLANG_WARN_DIRECT_OBJC_ISA_USAGE = YES_ERROR;
				CLANG_WARN_DOCUMENTATION_COMMENTS = YES;
				CLANG_WARN_EMPTY_BODY = YES;
				CLANG_WARN_ENUM_CONVERSION = YES;
				CLANG_WARN_INFINITE_RECURSION = YES;
				CLANG_WARN_INT_CONVERSION = YES;
				CLANG_WARN_NON_LITERAL_NULL_CONVERSION = YES;
				CLANG_WARN_OBJC_IMPLICIT_RETAIN_SELF = YES;
				CLANG_WARN_OBJC_LITERAL_CONVERSION = YES;
				CLANG_WARN_OBJC_ROOT_CLASS = YES_ERROR;
				CLANG_WARN_QUOTED_INCLUDE_IN_FRAMEWORK_HEADER = YES;
				CLANG_WARN_RANGE_LOOP_ANALYSIS = YES;
				CLANG_WARN_STRICT_PROTOTYPES = YES;
				CLANG_WARN_SUSPICIOUS_MOVE = YES;
				CLANG_WARN_UNGUARDED_AVAILABILITY = YES_AGGRESSIVE;
				CLANG_WARN_UNREACHABLE_CODE = YES;
				CLANG_WARN__DUPLICATE_METHOD_MATCH = YES;
				COPY_PHASE_STRIP = NO;
				DEBUG_INFORMATION_FORMAT = "dwarf-with-dsym";
				ENABLE_NS_ASSERTIONS = NO;
				ENABLE_STRICT_OBJC_MSGSEND = YES;
				GCC_C_LANGUAGE_STANDARD = gnu11;
				GCC_NO_COMMON_BLOCKS = YES;
				GCC_WARN_64_TO_32_BIT_CONVERSION = YES;
				GCC_WARN_ABOUT_RETURN_TYPE = YES_ERROR;
				GCC_WARN_UNDECLARED_SELECTOR = YES;
				GCC_WARN_UNINITIALIZED_AUTOS = YES_AGGRESSIVE;
				GCC_WARN_UNUSED_FUNCTION = YES;
				GCC_WARN_UNUSED_VARIABLE = YES;
				IPHONEOS_DEPLOYMENT_TARGET = 13.0;
				MTL_ENABLE_DEBUG_INFO = NO;
				MTL_FAST_MATH = YES;
				SDKROOT = iphoneos;
				SWIFT_COMPILATION_MODE = wholemodule;
				SWIFT_OPTIMIZATION_LEVEL = "-O";
				VALIDATE_PRODUCT = YES;
			};
			name = Release;
		};
		234A7CC32555514100620B81 /* Debug */ = {
			isa = XCBuildConfiguration;
			baseConfigurationReference = 218BF6C200331D68D92A8B0C /* Pods-MoneyHealth.debug.xcconfig */;
			buildSettings = {
				ASSETCATALOG_COMPILER_APPICON_NAME = AppIcon;
				ASSETCATALOG_COMPILER_GLOBAL_ACCENT_COLOR_NAME = AccentColor;
				CODE_SIGN_STYLE = Automatic;
				DEVELOPMENT_TEAM = G6LW789JHQ;
				INFOPLIST_FILE = MoneyHealth/Info.plist;
				IPHONEOS_DEPLOYMENT_TARGET = 13.0;
				LD_RUNPATH_SEARCH_PATHS = (
					"$(inherited)",
					"@executable_path/Frameworks",
				);
				PRODUCT_BUNDLE_IDENTIFIER = com.junction.MoneyHealth;
				PRODUCT_NAME = "$(TARGET_NAME)";
				SWIFT_VERSION = 5.0;
				TARGETED_DEVICE_FAMILY = "1,2";
			};
			name = Debug;
		};
		234A7CC42555514100620B81 /* Release */ = {
			isa = XCBuildConfiguration;
			baseConfigurationReference = 5EF678D640A05B10A9259C5F /* Pods-MoneyHealth.release.xcconfig */;
			buildSettings = {
				ASSETCATALOG_COMPILER_APPICON_NAME = AppIcon;
				ASSETCATALOG_COMPILER_GLOBAL_ACCENT_COLOR_NAME = AccentColor;
				CODE_SIGN_STYLE = Automatic;
				DEVELOPMENT_TEAM = G6LW789JHQ;
				INFOPLIST_FILE = MoneyHealth/Info.plist;
				IPHONEOS_DEPLOYMENT_TARGET = 13.0;
				LD_RUNPATH_SEARCH_PATHS = (
					"$(inherited)",
					"@executable_path/Frameworks",
				);
				PRODUCT_BUNDLE_IDENTIFIER = com.junction.MoneyHealth;
				PRODUCT_NAME = "$(TARGET_NAME)";
				SWIFT_VERSION = 5.0;
				TARGETED_DEVICE_FAMILY = "1,2";
			};
			name = Release;
		};
/* End XCBuildConfiguration section */

/* Begin XCConfigurationList section */
		234A7CA92555514000620B81 /* Build configuration list for PBXProject "MoneyHealth" */ = {
			isa = XCConfigurationList;
			buildConfigurations = (
				234A7CC02555514100620B81 /* Debug */,
				234A7CC12555514100620B81 /* Release */,
			);
			defaultConfigurationIsVisible = 0;
			defaultConfigurationName = Release;
		};
		234A7CC22555514100620B81 /* Build configuration list for PBXNativeTarget "MoneyHealth" */ = {
			isa = XCConfigurationList;
			buildConfigurations = (
				234A7CC32555514100620B81 /* Debug */,
				234A7CC42555514100620B81 /* Release */,
			);
			defaultConfigurationIsVisible = 0;
			defaultConfigurationName = Release;
		};
/* End XCConfigurationList section */
	};
	rootObject = 234A7CA62555514000620B81 /* Project object */;
}
